
Microsoft Visual Studio Solution File, Format Version 12.00
# Visual Studio Version 17
VisualStudioVersion = 17.9.34902.65
MinimumVisualStudioVersion = 10.0.40219.1
Project("{FAE04EC0-301F-11D3-BF4B-00C04F79EFBC}") = "Web-MVC-TrailsofLearning", "Web-MVC-TrailsofLearning\Web-MVC-TrailsofLearning.csproj", "{4CAE5C62-F062-4884-AD44-7BC6AD1646FE}"
EndProject
Global
	GlobalSection(SolutionConfigurationPlatforms) = preSolution
		Debug|Any CPU = Debug|Any CPU
		Release|Any CPU = Release|Any CPU
	EndGlobalSection
	GlobalSection(ProjectConfigurationPlatforms) = postSolution
		{4CAE5C62-F062-4884-AD44-7BC6AD1646FE}.Debug|Any CPU.ActiveCfg = Debug|Any CPU
		{4CAE5C62-F062-4884-AD44-7BC6AD1646FE}.Debug|Any CPU.Build.0 = Debug|Any CPU
		{4CAE5C62-F062-4884-AD44-7BC6AD1646FE}.Release|Any CPU.ActiveCfg = Release|Any CPU
		{4CAE5C62-F062-4884-AD44-7BC6AD1646FE}.Release|Any CPU.Build.0 = Release|Any CPU
	EndGlobalSection
	GlobalSection(SolutionProperties) = preSolution
		HideSolutionNode = FALSE
	EndGlobalSection
	GlobalSection(ExtensibilityGlobals) = postSolution
		SolutionGuid = {ED3F7A42-6329-46FD-A450-86C2FD5AC255}
	EndGlobalSection
EndGlobal
